// !$*UTF8*$!
{
	archiveVersion = 1;
	classes = {
	};
	objectVersion = 56;
	objects = {

/* Begin PBXBuildFile section */
		EFEFF1142988FCA40085500D /* main.swift in Sources */ = {isa = PBXBuildFile; fileRef = EFEFF1132988FCA40085500D /* main.swift */; };
		EFEFF11C2988FEB90085500D /* Order.swift in Sources */ = {isa = PBXBuildFile; fileRef = EFEFF11B2988FEB90085500D /* Order.swift */; };
		EFEFF11E2988FEC70085500D /* TicketExportFormat.swift in Sources */ = {isa = PBXBuildFile; fileRef = EFEFF11D2988FEC70085500D /* TicketExportFormat.swift */; };
		EFEFF1202988FED00085500D /* MovieTicket.swift in Sources */ = {isa = PBXBuildFile; fileRef = EFEFF11F2988FED00085500D /* MovieTicket.swift */; };
		EFEFF1222988FED90085500D /* MovieScreening.swift in Sources */ = {isa = PBXBuildFile; fileRef = EFEFF1212988FED90085500D /* MovieScreening.swift */; };
		EFEFF1242988FEE30085500D /* Movie.swift in Sources */ = {isa = PBXBuildFile; fileRef = EFEFF1232988FEE30085500D /* Movie.swift */; };
		EFEFF127298956F20085500D /* Algorithms in Frameworks */ = {isa = PBXBuildFile; productRef = EFEFF126298956F20085500D /* Algorithms */; };
		EFEFF12A298958C90085500D /* DateExtensions.swift in Sources */ = {isa = PBXBuildFile; fileRef = EFEFF129298958C90085500D /* DateExtensions.swift */; };
		EFEFF1542989613D0085500D /* BioscoopCasusTests.swift in Sources */ = {isa = PBXBuildFile; fileRef = EFEFF1532989613D0085500D /* BioscoopCasusTests.swift */; };
/* End PBXBuildFile section */

/* Begin PBXCopyFilesBuildPhase section */
		EFEFF10E2988FCA40085500D /* CopyFiles */ = {
			isa = PBXCopyFilesBuildPhase;
			buildActionMask = 2147483647;
			dstPath = /usr/share/man/man1/;
			dstSubfolderSpec = 0;
			files = (
			);
			runOnlyForDeploymentPostprocessing = 1;
		};
/* End PBXCopyFilesBuildPhase section */

/* Begin PBXFileReference section */
		EFEFF1102988FCA40085500D /* BioscoopCasus */ = {isa = PBXFileReference; explicitFileType = "compiled.mach-o.executable"; includeInIndex = 0; path = BioscoopCasus; sourceTree = BUILT_PRODUCTS_DIR; };
		EFEFF1132988FCA40085500D /* main.swift */ = {isa = PBXFileReference; lastKnownFileType = sourcecode.swift; path = main.swift; sourceTree = "<group>"; };
		EFEFF11B2988FEB90085500D /* Order.swift */ = {isa = PBXFileReference; lastKnownFileType = sourcecode.swift; path = Order.swift; sourceTree = "<group>"; };
		EFEFF11D2988FEC70085500D /* TicketExportFormat.swift */ = {isa = PBXFileReference; lastKnownFileType = sourcecode.swift; path = TicketExportFormat.swift; sourceTree = "<group>"; };
		EFEFF11F2988FED00085500D /* MovieTicket.swift */ = {isa = PBXFileReference; lastKnownFileType = sourcecode.swift; path = MovieTicket.swift; sourceTree = "<group>"; };
		EFEFF1212988FED90085500D /* MovieScreening.swift */ = {isa = PBXFileReference; lastKnownFileType = sourcecode.swift; path = MovieScreening.swift; sourceTree = "<group>"; };
		EFEFF1232988FEE30085500D /* Movie.swift */ = {isa = PBXFileReference; lastKnownFileType = sourcecode.swift; path = Movie.swift; sourceTree = "<group>"; };
		EFEFF129298958C90085500D /* DateExtensions.swift */ = {isa = PBXFileReference; lastKnownFileType = sourcecode.swift; path = DateExtensions.swift; sourceTree = "<group>"; };
		EFEFF1512989613D0085500D /* BioscoopCasusTests.xctest */ = {isa = PBXFileReference; explicitFileType = wrapper.cfbundle; includeInIndex = 0; path = BioscoopCasusTests.xctest; sourceTree = BUILT_PRODUCTS_DIR; };
		EFEFF1532989613D0085500D /* BioscoopCasusTests.swift */ = {isa = PBXFileReference; lastKnownFileType = sourcecode.swift; path = BioscoopCasusTests.swift; sourceTree = "<group>"; };
/* End PBXFileReference section */

/* Begin PBXFrameworksBuildPhase section */
		EFEFF10D2988FCA40085500D /* Frameworks */ = {
			isa = PBXFrameworksBuildPhase;
			buildActionMask = 2147483647;
			files = (
				EFEFF127298956F20085500D /* Algorithms in Frameworks */,
			);
			runOnlyForDeploymentPostprocessing = 0;
		};
		EFEFF14E2989613D0085500D /* Frameworks */ = {
			isa = PBXFrameworksBuildPhase;
			buildActionMask = 2147483647;
			files = (
			);
			runOnlyForDeploymentPostprocessing = 0;
		};
/* End PBXFrameworksBuildPhase section */

/* Begin PBXGroup section */
		EFEFF1072988FCA40085500D = {
			isa = PBXGroup;
			children = (
				EFEFF1122988FCA40085500D /* BioscoopCasus */,
				EFEFF1522989613D0085500D /* BioscoopCasusTests */,
				EFEFF1112988FCA40085500D /* Products */,
			);
			sourceTree = "<group>";
		};
		EFEFF1112988FCA40085500D /* Products */ = {
			isa = PBXGroup;
			children = (
				EFEFF1102988FCA40085500D /* BioscoopCasus */,
				EFEFF1512989613D0085500D /* BioscoopCasusTests.xctest */,
			);
			name = Products;
			sourceTree = "<group>";
		};
		EFEFF1122988FCA40085500D /* BioscoopCasus */ = {
			isa = PBXGroup;
			children = (
				EFEFF128298958B90085500D /* Extensions */,
				EFEFF11A2988FE9E0085500D /* Domain */,
				EFEFF1132988FCA40085500D /* main.swift */,
			);
			path = BioscoopCasus;
			sourceTree = "<group>";
		};
		EFEFF11A2988FE9E0085500D /* Domain */ = {
			isa = PBXGroup;
			children = (
				EFEFF11B2988FEB90085500D /* Order.swift */,
				EFEFF11D2988FEC70085500D /* TicketExportFormat.swift */,
				EFEFF11F2988FED00085500D /* MovieTicket.swift */,
				EFEFF1212988FED90085500D /* MovieScreening.swift */,
				EFEFF1232988FEE30085500D /* Movie.swift */,
			);
			path = Domain;
			sourceTree = "<group>";
		};
		EFEFF128298958B90085500D /* Extensions */ = {
			isa = PBXGroup;
			children = (
				EFEFF129298958C90085500D /* DateExtensions.swift */,
			);
			path = Extensions;
			sourceTree = "<group>";
		};
		EFEFF1522989613D0085500D /* BioscoopCasusTests */ = {
			isa = PBXGroup;
			children = (
				EFEFF1532989613D0085500D /* BioscoopCasusTests.swift */,
			);
			path = BioscoopCasusTests;
			sourceTree = "<group>";
		};
/* End PBXGroup section */

/* Begin PBXNativeTarget section */
		EFEFF10F2988FCA40085500D /* BioscoopCasus */ = {
			isa = PBXNativeTarget;
			buildConfigurationList = EFEFF1172988FCA40085500D /* Build configuration list for PBXNativeTarget "BioscoopCasus" */;
			buildPhases = (
				EFEFF10C2988FCA40085500D /* Sources */,
				EFEFF10D2988FCA40085500D /* Frameworks */,
				EFEFF10E2988FCA40085500D /* CopyFiles */,
			);
			buildRules = (
			);
			dependencies = (
			);
			name = BioscoopCasus;
			packageProductDependencies = (
				EFEFF126298956F20085500D /* Algorithms */,
			);
			productName = BioscoopCasus;
			productReference = EFEFF1102988FCA40085500D /* BioscoopCasus */;
			productType = "com.apple.product-type.tool";
		};
		EFEFF1502989613D0085500D /* BioscoopCasusTests */ = {
			isa = PBXNativeTarget;
			buildConfigurationList = EFEFF1572989613D0085500D /* Build configuration list for PBXNativeTarget "BioscoopCasusTests" */;
			buildPhases = (
				EFEFF14D2989613D0085500D /* Sources */,
				EFEFF14E2989613D0085500D /* Frameworks */,
				EFEFF14F2989613D0085500D /* Resources */,
			);
			buildRules = (
			);
			dependencies = (
			);
			name = BioscoopCasusTests;
			productName = BioscoopCasusTests;
			productReference = EFEFF1512989613D0085500D /* BioscoopCasusTests.xctest */;
			productType = "com.apple.product-type.bundle.unit-test";
		};
/* End PBXNativeTarget section */

/* Begin PBXProject section */
		EFEFF1082988FCA40085500D /* Project object */ = {
			isa = PBXProject;
			attributes = {
				BuildIndependentTargetsInParallel = 1;
				LastSwiftUpdateCheck = 1410;
				LastUpgradeCheck = 1410;
				TargetAttributes = {
					EFEFF10F2988FCA40085500D = {
						CreatedOnToolsVersion = 14.1;
					};
					EFEFF1502989613D0085500D = {
						CreatedOnToolsVersion = 14.1;
					};
				};
			};
			buildConfigurationList = EFEFF10B2988FCA40085500D /* Build configuration list for PBXProject "BioscoopCasus" */;
			compatibilityVersion = "Xcode 14.0";
			developmentRegion = en;
			hasScannedForEncodings = 0;
			knownRegions = (
				en,
				Base,
			);
			mainGroup = EFEFF1072988FCA40085500D;
			packageReferences = (
				EFEFF125298956F20085500D /* XCRemoteSwiftPackageReference "swift-algorithms" */,
			);
			productRefGroup = EFEFF1112988FCA40085500D /* Products */;
			projectDirPath = "";
			projectRoot = "";
			targets = (
				EFEFF10F2988FCA40085500D /* BioscoopCasus */,
				EFEFF1502989613D0085500D /* BioscoopCasusTests */,
			);
		};
/* End PBXProject section */

/* Begin PBXResourcesBuildPhase section */
		EFEFF14F2989613D0085500D /* Resources */ = {
			isa = PBXResourcesBuildPhase;
			buildActionMask = 2147483647;
			files = (
			);
			runOnlyForDeploymentPostprocessing = 0;
		};
/* End PBXResourcesBuildPhase section */

/* Begin PBXSourcesBuildPhase section */
		EFEFF10C2988FCA40085500D /* Sources */ = {
			isa = PBXSourcesBuildPhase;
			buildActionMask = 2147483647;
			files = (
				EFEFF12A298958C90085500D /* DateExtensions.swift in Sources */,
				EFEFF1202988FED00085500D /* MovieTicket.swift in Sources */,
				EFEFF11C2988FEB90085500D /* Order.swift in Sources */,
				EFEFF1242988FEE30085500D /* Movie.swift in Sources */,
				EFEFF11E2988FEC70085500D /* TicketExportFormat.swift in Sources */,
				EFEFF1142988FCA40085500D /* main.swift in Sources */,
				EFEFF1222988FED90085500D /* MovieScreening.swift in Sources */,
			);
			runOnlyForDeploymentPostprocessing = 0;
		};
		EFEFF14D2989613D0085500D /* Sources */ = {
			isa = PBXSourcesBuildPhase;
			buildActionMask = 2147483647;
			files = (
				EFEFF1542989613D0085500D /* BioscoopCasusTests.swift in Sources */,
			);
			runOnlyForDeploymentPostprocessing = 0;
		};
/* End PBXSourcesBuildPhase section */

/* Begin XCBuildConfiguration section */
		EFEFF1152988FCA40085500D /* Debug */ = {
			isa = XCBuildConfiguration;
			buildSettings = {
				ALWAYS_SEARCH_USER_PATHS = NO;
				CLANG_ANALYZER_NONNULL = YES;
				CLANG_ANALYZER_NUMBER_OBJECT_CONVERSION = YES_AGGRESSIVE;
				CLANG_CXX_LANGUAGE_STANDARD = "gnu++20";
				CLANG_ENABLE_MODULES = YES;
				CLANG_ENABLE_OBJC_ARC = YES;
				CLANG_ENABLE_OBJC_WEAK = YES;
				CLANG_WARN_BLOCK_CAPTURE_AUTORELEASING = YES;
				CLANG_WARN_BOOL_CONVERSION = YES;
				CLANG_WARN_COMMA = YES;
				CLANG_WARN_CONSTANT_CONVERSION = YES;
				CLANG_WARN_DEPRECATED_OBJC_IMPLEMENTATIONS = YES;
				CLANG_WARN_DIRECT_OBJC_ISA_USAGE = YES_ERROR;
				CLANG_WARN_DOCUMENTATION_COMMENTS = YES;
				CLANG_WARN_EMPTY_BODY = YES;
				CLANG_WARN_ENUM_CONVERSION = YES;
				CLANG_WARN_INFINITE_RECURSION = YES;
				CLANG_WARN_INT_CONVERSION = YES;
				CLANG_WARN_NON_LITERAL_NULL_CONVERSION = YES;
				CLANG_WARN_OBJC_IMPLICIT_RETAIN_SELF = YES;
				CLANG_WARN_OBJC_LITERAL_CONVERSION = YES;
				CLANG_WARN_OBJC_ROOT_CLASS = YES_ERROR;
				CLANG_WARN_QUOTED_INCLUDE_IN_FRAMEWORK_HEADER = YES;
				CLANG_WARN_RANGE_LOOP_ANALYSIS = YES;
				CLANG_WARN_STRICT_PROTOTYPES = YES;
				CLANG_WARN_SUSPICIOUS_MOVE = YES;
				CLANG_WARN_UNGUARDED_AVAILABILITY = YES_AGGRESSIVE;
				CLANG_WARN_UNREACHABLE_CODE = YES;
				CLANG_WARN__DUPLICATE_METHOD_MATCH = YES;
				COPY_PHASE_STRIP = NO;
				DEBUG_INFORMATION_FORMAT = dwarf;
				ENABLE_STRICT_OBJC_MSGSEND = YES;
				ENABLE_TESTABILITY = YES;
				GCC_C_LANGUAGE_STANDARD = gnu11;
				GCC_DYNAMIC_NO_PIC = NO;
				GCC_NO_COMMON_BLOCKS = YES;
				GCC_OPTIMIZATION_LEVEL = 0;
				GCC_PREPROCESSOR_DEFINITIONS = (
					"DEBUG=1",
					"$(inherited)",
				);
				GCC_WARN_64_TO_32_BIT_CONVERSION = YES;
				GCC_WARN_ABOUT_RETURN_TYPE = YES_ERROR;
				GCC_WARN_UNDECLARED_SELECTOR = YES;
				GCC_WARN_UNINITIALIZED_AUTOS = YES_AGGRESSIVE;
				GCC_WARN_UNUSED_FUNCTION = YES;
				GCC_WARN_UNUSED_VARIABLE = YES;
				MACOSX_DEPLOYMENT_TARGET = 13.0;
				MTL_ENABLE_DEBUG_INFO = INCLUDE_SOURCE;
				MTL_FAST_MATH = YES;
				ONLY_ACTIVE_ARCH = YES;
				SDKROOT = macosx;
				SWIFT_ACTIVE_COMPILATION_CONDITIONS = DEBUG;
				SWIFT_OPTIMIZATION_LEVEL = "-Onone";
			};
			name = Debug;
		};
		EFEFF1162988FCA40085500D /* Release */ = {
			isa = XCBuildConfiguration;
			buildSettings = {
				ALWAYS_SEARCH_USER_PATHS = NO;
				CLANG_ANALYZER_NONNULL = YES;
				CLANG_ANALYZER_NUMBER_OBJECT_CONVERSION = YES_AGGRESSIVE;
				CLANG_CXX_LANGUAGE_STANDARD = "gnu++20";
				CLANG_ENABLE_MODULES = YES;
				CLANG_ENABLE_OBJC_ARC = YES;
				CLANG_ENABLE_OBJC_WEAK = YES;
				CLANG_WARN_BLOCK_CAPTURE_AUTORELEASING = YES;
				CLANG_WARN_BOOL_CONVERSION = YES;
				CLANG_WARN_COMMA = YES;
				CLANG_WARN_CONSTANT_CONVERSION = YES;
				CLANG_WARN_DEPRECATED_OBJC_IMPLEMENTATIONS = YES;
				CLANG_WARN_DIRECT_OBJC_ISA_USAGE = YES_ERROR;
				CLANG_WARN_DOCUMENTATION_COMMENTS = YES;
				CLANG_WARN_EMPTY_BODY = YES;
				CLANG_WARN_ENUM_CONVERSION = YES;
				CLANG_WARN_INFINITE_RECURSION = YES;
				CLANG_WARN_INT_CONVERSION = YES;
				CLANG_WARN_NON_LITERAL_NULL_CONVERSION = YES;
				CLANG_WARN_OBJC_IMPLICIT_RETAIN_SELF = YES;
				CLANG_WARN_OBJC_LITERAL_CONVERSION = YES;
				CLANG_WARN_OBJC_ROOT_CLASS = YES_ERROR;
				CLANG_WARN_QUOTED_INCLUDE_IN_FRAMEWORK_HEADER = YES;
				CLANG_WARN_RANGE_LOOP_ANALYSIS = YES;
				CLANG_WARN_STRICT_PROTOTYPES = YES;
				CLANG_WARN_SUSPICIOUS_MOVE = YES;
				CLANG_WARN_UNGUARDED_AVAILABILITY = YES_AGGRESSIVE;
				CLANG_WARN_UNREACHABLE_CODE = YES;
				CLANG_WARN__DUPLICATE_METHOD_MATCH = YES;
				COPY_PHASE_STRIP = NO;
				DEBUG_INFORMATION_FORMAT = "dwarf-with-dsym";
				ENABLE_NS_ASSERTIONS = NO;
				ENABLE_STRICT_OBJC_MSGSEND = YES;
				GCC_C_LANGUAGE_STANDARD = gnu11;
				GCC_NO_COMMON_BLOCKS = YES;
				GCC_WARN_64_TO_32_BIT_CONVERSION = YES;
				GCC_WARN_ABOUT_RETURN_TYPE = YES_ERROR;
				GCC_WARN_UNDECLARED_SELECTOR = YES;
				GCC_WARN_UNINITIALIZED_AUTOS = YES_AGGRESSIVE;
				GCC_WARN_UNUSED_FUNCTION = YES;
				GCC_WARN_UNUSED_VARIABLE = YES;
				MACOSX_DEPLOYMENT_TARGET = 13.0;
				MTL_ENABLE_DEBUG_INFO = NO;
				MTL_FAST_MATH = YES;
				SDKROOT = macosx;
				SWIFT_COMPILATION_MODE = wholemodule;
				SWIFT_OPTIMIZATION_LEVEL = "-O";
			};
			name = Release;
		};
		EFEFF1182988FCA40085500D /* Debug */ = {
			isa = XCBuildConfiguration;
			buildSettings = {
				CODE_SIGN_STYLE = Automatic;
				DEVELOPMENT_TEAM = 963LK66N4P;
				ENABLE_HARDENED_RUNTIME = YES;
				MACOSX_DEPLOYMENT_TARGET = 12.0;
				PRODUCT_NAME = "$(TARGET_NAME)";
				SWIFT_VERSION = 5.0;
			};
			name = Debug;
		};
		EFEFF1192988FCA40085500D /* Release */ = {
			isa = XCBuildConfiguration;
			buildSettings = {
				CODE_SIGN_STYLE = Automatic;
				DEVELOPMENT_TEAM = 963LK66N4P;
				ENABLE_HARDENED_RUNTIME = YES;
				MACOSX_DEPLOYMENT_TARGET = 12.0;
				PRODUCT_NAME = "$(TARGET_NAME)";
				SWIFT_VERSION = 5.0;
			};
			name = Release;
		};
		EFEFF1552989613D0085500D /* Debug */ = {
			isa = XCBuildConfiguration;
			buildSettings = {
				CODE_SIGN_STYLE = Automatic;
				CURRENT_PROJECT_VERSION = 1;
				DEVELOPMENT_TEAM = 963LK66N4P;
				GENERATE_INFOPLIST_FILE = YES;
				MARKETING_VERSION = 1.0;
				PRODUCT_BUNDLE_IDENTIFIER = nl.Buijsen.BioscoopCasusTests;
				PRODUCT_NAME = "$(TARGET_NAME)";
				SWIFT_EMIT_LOC_STRINGS = NO;
				SWIFT_VERSION = 5.0;
			};
			name = Debug;
		};
		EFEFF1562989613D0085500D /* Release */ = {
			isa = XCBuildConfiguration;
			buildSettings = {
				CODE_SIGN_STYLE = Automatic;
				CURRENT_PROJECT_VERSION = 1;
				DEVELOPMENT_TEAM = 963LK66N4P;
				GENERATE_INFOPLIST_FILE = YES;
				MARKETING_VERSION = 1.0;
				PRODUCT_BUNDLE_IDENTIFIER = nl.Buijsen.BioscoopCasusTests;
				PRODUCT_NAME = "$(TARGET_NAME)";
				SWIFT_EMIT_LOC_STRINGS = NO;
				SWIFT_VERSION = 5.0;
			};
			name = Release;
		};
/* End XCBuildConfiguration section */

/* Begin XCConfigurationList section */
		EFEFF10B2988FCA40085500D /* Build configuration list for PBXProject "BioscoopCasus" */ = {
			isa = XCConfigurationList;
			buildConfigurations = (
				EFEFF1152988FCA40085500D /* Debug */,
				EFEFF1162988FCA40085500D /* Release */,
			);
			defaultConfigurationIsVisible = 0;
			defaultConfigurationName = Release;
		};
		EFEFF1172988FCA40085500D /* Build configuration list for PBXNativeTarget "BioscoopCasus" */ = {
			isa = XCConfigurationList;
			buildConfigurations = (
				EFEFF1182988FCA40085500D /* Debug */,
				EFEFF1192988FCA40085500D /* Release */,
			);
			defaultConfigurationIsVisible = 0;
			defaultConfigurationName = Release;
		};
		EFEFF1572989613D0085500D /* Build configuration list for PBXNativeTarget "BioscoopCasusTests" */ = {
			isa = XCConfigurationList;
			buildConfigurations = (
				EFEFF1552989613D0085500D /* Debug */,
				EFEFF1562989613D0085500D /* Release */,
			);
			defaultConfigurationIsVisible = 0;
			defaultConfigurationName = Release;
		};
/* End XCConfigurationList section */

/* Begin XCRemoteSwiftPackageReference section */
		EFEFF125298956F20085500D /* XCRemoteSwiftPackageReference "swift-algorithms" */ = {
			isa = XCRemoteSwiftPackageReference;
			repositoryURL = "https://github.com/apple/swift-algorithms.git";
			requirement = {
				kind = upToNextMajorVersion;
				minimumVersion = 1.0.0;
			};
		};
/* End XCRemoteSwiftPackageReference section */

/* Begin XCSwiftPackageProductDependency section */
		EFEFF126298956F20085500D /* Algorithms */ = {
			isa = XCSwiftPackageProductDependency;
			package = EFEFF125298956F20085500D /* XCRemoteSwiftPackageReference "swift-algorithms" */;
			productName = Algorithms;
		};
/* End XCSwiftPackageProductDependency section */
	};
	rootObject = EFEFF1082988FCA40085500D /* Project object */;
}
